{
  "version": 4,
  "terraform_version": "1.15.7",
  "serial": 38,
  "lineage": "281eddad-11a6-2e2c-d064-f63e1f04d459",
  "outputs": {
    "instance_id": {
      "value": "ocid1.instance.oc1.ap-mumbai-1.anrg6ljrfuk6alaca4y262pwbkae5s2wqtvkyifftm2zza47taab2okgtm5a",
      "type": "string"
    },
    "instance_public_ip": {
      "value": "161.118.178.72",
      "type": "string"
    },
    "vcn_id": {
      "value": "ocid1.vcn.oc1.ap-mumbai-1.amaaaaaafuk6alaars3wmsvhojmrgvp4gl5eowzgewa2ketwlbdhbrps3vsq",
      "type": "string"
    }
  },
  "resources": [
    {
      "mode": "data",
      "type": "oci_core_images",
      "name": "ubuntu_arm",
      "provider": "provider[\"registry.terraform.io/oracle/oci\"]",
      "instances": [
        {
          "schema_version": 0,
          "attributes": {
            "compartment_id": "ocid1.tenancy.oc1..aaaaaaaafm5hq73i5zeny3fsbftwyzgldzkhlvgeyrnv4bhyui6phlbnghoa",
            "display_name": null,
            "filter": null,
            "id": "CoreImagesDataSource-150928650",
            "images": [
              {
                "agent_features": [],
                "base_image_id": "",
                "billable_size_in_gbs": "3",
                "compartment_id": "",
                "create_image_allowed": true,
                "defined_tags": {},
                "display_name": "Canonical-Ubuntu-22.04-2026.04.30-1",
                "freeform_tags": {},
                "id": "ocid1.image.oc1.ap-mumbai-1.aaaaaaaal7uqfk7bvqjteeiu3sk5crlvek5tltzmippc3st2jclmiz2xh2ma",
                "image_source_details": [],
                "instance_id": "",
                "launch_mode": "NATIVE",
                "launch_options": [
                  {
                    "boot_volume_type": "PARAVIRTUALIZED",
                    "firmware": "UEFI_64",
                    "is_consistent_volume_naming_enabled": true,
                    "is_pv_encryption_in_transit_enabled": true,
                    "network_type": "PARAVIRTUALIZED",
                    "remote_data_volume_type": "PARAVIRTUALIZED"
                  }
                ],
                "listing_type": "",
                "operating_system": "Canonical Ubuntu",
                "operating_system_version": "22.04",
                "size_in_mbs": "47694",
                "state": "AVAILABLE",
                "time_created": "2026-05-06 02:23:09.494 +0000 UTC"
              },
              {
                "agent_features": [],
                "base_image_id": "",
                "billable_size_in_gbs": "3",
                "compartment_id": "",
                "create_image_allowed": true,
                "defined_tags": {},
                "display_name": "Canonical-Ubuntu-22.04-2026.03.31-0",
                "freeform_tags": {},
                "id": "ocid1.image.oc1.ap-mumbai-1.aaaaaaaaylvxte5i3gmdebb62qgqccwnysjaxso3axoblhjyfofpa4wcd6lq",
                "image_source_details": [],
                "instance_id": "",
                "launch_mode": "NATIVE",
                "launch_options": [
                  {
                    "boot_volume_type": "PARAVIRTUALIZED",
                    "firmware": "UEFI_64",
                    "is_consistent_volume_naming_enabled": true,
                    "is_pv_encryption_in_transit_enabled": true,
                    "network_type": "PARAVIRTUALIZED",
                    "remote_data_volume_type": "PARAVIRTUALIZED"
                  }
                ],
                "listing_type": "",
                "operating_system": "Canonical Ubuntu",
                "operating_system_version": "22.04",
                "size_in_mbs": "47694",
                "state": "AVAILABLE",
                "time_created": "2026-04-22 15:38:15.378 +0000 UTC"
              },
              {
                "agent_features": [],
                "base_image_id": "",
                "billable_size_in_gbs": "3",
                "compartment_id": "",
                "create_image_allowed": true,
                "defined_tags": {},
                "display_name": "Canonical-Ubuntu-22.04-2026.02.28-0",
                "freeform_tags": {},
                "id": "ocid1.image.oc1.ap-mumbai-1.aaaaaaaa3yc7aswdetryjk6knfe5zlex6opdvab5oazebaebst5zri3ocxcq",
                "image_source_details": [],
                "instance_id": "",
                "launch_mode": "NATIVE",
                "launch_options": [
                  {
                    "boot_volume_type": "PARAVIRTUALIZED",
                    "firmware": "UEFI_64",
                    "is_consistent_volume_naming_enabled": true,
                    "is_pv_encryption_in_transit_enabled": true,
                    "network_type": "PARAVIRTUALIZED",
                    "remote_data_volume_type": "PARAVIRTUALIZED"
                  }
                ],
                "listing_type": "",
                "operating_system": "Canonical Ubuntu",
                "operating_system_version": "22.04",
                "size_in_mbs": "47694",
                "state": "AVAILABLE",
                "time_created": "2026-03-04 22:45:27.626 +0000 UTC"
              }
            ],
            "operating_system": "Canonical Ubuntu",
            "operating_system_version": "22.04",
            "shape": "VM.Standard.E2.1.Micro",
            "sort_by": "TIMECREATED",
            "sort_order": "DESC",
            "state": null
          },
          "sensitive_attributes": [],
          "identity_schema_version": 0
        }
      ]
    },
    {
      "mode": "managed",
      "type": "oci_core_internet_gateway",
      "name": "autocloud_igw",
      "provider": "provider[\"registry.terraform.io/oracle/oci\"]",
      "instances": [
        {
          "schema_version": 0,
          "attributes": {
            "compartment_id": "ocid1.tenancy.oc1..aaaaaaaafm5hq73i5zeny3fsbftwyzgldzkhlvgeyrnv4bhyui6phlbnghoa",
            "defined_tags": {
              "Oracle-Tags.CreatedBy": "default/reyyanalam6@gmail.com",
              "Oracle-Tags.CreatedOn": "2026-06-26T18:16:05.432Z"
            },
            "display_name": "autocloud-igw",
            "enabled": true,
            "freeform_tags": {},
            "id": "ocid1.internetgateway.oc1.ap-mumbai-1.aaaaaaaawkjidd534owc2e2d4oqzujyfuy6kdrtffg2giwvefgiq5sgkjx4a",
            "route_table_id": null,
            "state": "AVAILABLE",
            "time_created": "2026-06-26 18:16:05.47 +0000 UTC",
            "timeouts": null,
            "vcn_id": "ocid1.vcn.oc1.ap-mumbai-1.amaaaaaafuk6alaars3wmsvhojmrgvp4gl5eowzgewa2ketwlbdhbrps3vsq"
          },
          "sensitive_attributes": [],
          "identity_schema_version": 0,
          "private": "eyJlMmJmYjczMC1lY2FhLTExZTYtOGY4OC0zNDM2M2JjN2M0YzAiOnsiY3JlYXRlIjoxMjAwMDAwMDAwMDAwLCJkZWxldGUiOjEyMDAwMDAwMDAwMDAsInVwZGF0ZSI6MTIwMDAwMDAwMDAwMH19",
          "dependencies": [
            "oci_core_vcn.autocloud_vcn"
          ]
        }
      ]
    },
    {
      "mode": "managed",
      "type": "oci_core_route_table",
      "name": "autocloud_rt",
      "provider": "provider[\"registry.terraform.io/oracle/oci\"]",
      "instances": [
        {
          "schema_version": 0,
          "attributes": {
            "compartment_id": "ocid1.tenancy.oc1..aaaaaaaafm5hq73i5zeny3fsbftwyzgldzkhlvgeyrnv4bhyui6phlbnghoa",
            "defined_tags": {
              "Oracle-Tags.CreatedBy": "default/reyyanalam6@gmail.com",
              "Oracle-Tags.CreatedOn": "2026-06-26T18:16:09.935Z"
            },
            "display_name": "autocloud-route-table",
            "freeform_tags": {},
            "id": "ocid1.routetable.oc1.ap-mumbai-1.aaaaaaaahgmnfwmqg4uqpltqtn4htq7kiug7hxqaa734ggnmwb2tvs7sd5va",
            "route_rules": [
              {
                "cidr_block": "",
                "description": "",
                "destination": "0.0.0.0/0",
                "destination_type": "CIDR_BLOCK",
                "network_entity_id": "ocid1.internetgateway.oc1.ap-mumbai-1.aaaaaaaawkjidd534owc2e2d4oqzujyfuy6kdrtffg2giwvefgiq5sgkjx4a",
                "route_type": ""
              }
            ],
            "state": "AVAILABLE",
            "time_created": "2026-06-26 18:16:09.969 +0000 UTC",
            "timeouts": null,
            "vcn_id": "ocid1.vcn.oc1.ap-mumbai-1.amaaaaaafuk6alaars3wmsvhojmrgvp4gl5eowzgewa2ketwlbdhbrps3vsq"
          },
          "sensitive_attributes": [],
          "identity_schema_version": 0,
          "private": "eyJlMmJmYjczMC1lY2FhLTExZTYtOGY4OC0zNDM2M2JjN2M0YzAiOnsiY3JlYXRlIjoxMjAwMDAwMDAwMDAwLCJkZWxldGUiOjEyMDAwMDAwMDAwMDAsInVwZGF0ZSI6MTIwMDAwMDAwMDAwMH19",
          "dependencies": [
            "oci_core_internet_gateway.autocloud_igw",
            "oci_core_vcn.autocloud_vcn"
          ]
        }
      ]
    },
    {
      "mode": "managed",
      "type": "oci_core_security_list",
      "name": "autocloud_sl",
      "provider": "provider[\"registry.terraform.io/oracle/oci\"]",
      "instances": [
        {
          "schema_version": 0,
          "attributes": {
            "compartment_id": "ocid1.tenancy.oc1..aaaaaaaafm5hq73i5zeny3fsbftwyzgldzkhlvgeyrnv4bhyui6phlbnghoa",
            "defined_tags": {
              "Oracle-Tags.CreatedBy": "default/reyyanalam6@gmail.com",
              "Oracle-Tags.CreatedOn": "2026-06-26T18:16:06.833Z"
            },
            "display_name": "autocloud-security-list",
            "egress_security_rules": [
              {
                "description": "",
                "destination": "0.0.0.0/0",
                "destination_type": "CIDR_BLOCK",
                "icmp_options": [],
                "protocol": "all",
                "stateless": false,
                "tcp_options": [],
                "udp_options": []
              }
            ],
            "freeform_tags": {},
            "id": "ocid1.securitylist.oc1.ap-mumbai-1.aaaaaaaasxyf32q64bvsjbbc3bm7by3qcolafbf5mg6q6sjtzmmrqbhpnsja",
            "ingress_security_rules": [
              {
                "description": "",
                "icmp_options": [],
                "protocol": "6",
                "source": "0.0.0.0/0",
                "source_type": "CIDR_BLOCK",
                "stateless": false,
                "tcp_options": [
                  {
                    "max": 22,
                    "min": 22,
                    "source_port_range": []
                  }
                ],
                "udp_options": []
              },
              {
                "description": "",
                "icmp_options": [],
                "protocol": "6",
                "source": "0.0.0.0/0",
                "source_type": "CIDR_BLOCK",
                "stateless": false,
                "tcp_options": [
                  {
                    "max": 443,
                    "min": 443,
                    "source_port_range": []
                  }
                ],
                "udp_options": []
              },
              {
                "description": "",
                "icmp_options": [],
                "protocol": "6",
                "source": "0.0.0.0/0",
                "source_type": "CIDR_BLOCK",
                "stateless": false,
                "tcp_options": [
                  {
                    "max": 6443,
                    "min": 6443,
                    "source_port_range": []
                  }
                ],
                "udp_options": []
              },
              {
                "description": "",
                "icmp_options": [],
                "protocol": "6",
                "source": "0.0.0.0/0",
                "source_type": "CIDR_BLOCK",
                "stateless": false,
                "tcp_options": [
                  {
                    "max": 80,
                    "min": 80,
                    "source_port_range": []
                  }
                ],
                "udp_options": []
              }
            ],
            "state": "AVAILABLE",
            "time_created": "2026-06-26 18:16:06.87 +0000 UTC",
            "timeouts": null,
            "vcn_id": "ocid1.vcn.oc1.ap-mumbai-1.amaaaaaafuk6alaars3wmsvhojmrgvp4gl5eowzgewa2ketwlbdhbrps3vsq"
          },
          "sensitive_attributes": [],
          "identity_schema_version": 0,
          "private": "eyJlMmJmYjczMC1lY2FhLTExZTYtOGY4OC0zNDM2M2JjN2M0YzAiOnsiY3JlYXRlIjoxMjAwMDAwMDAwMDAwLCJkZWxldGUiOjEyMDAwMDAwMDAwMDAsInVwZGF0ZSI6MTIwMDAwMDAwMDAwMH19",
          "dependencies": [
            "oci_core_vcn.autocloud_vcn"
          ]
        }
      ]
    },
    {
      "mode": "managed",
      "type": "oci_core_subnet",
      "name": "autocloud_subnet",
      "provider": "provider[\"registry.terraform.io/oracle/oci\"]",
      "instances": [
        {
          "schema_version": 0,
          "attributes": {
            "availability_domain": null,
            "cidr_block": "10.0.1.0/24",
            "compartment_id": "ocid1.tenancy.oc1..aaaaaaaafm5hq73i5zeny3fsbftwyzgldzkhlvgeyrnv4bhyui6phlbnghoa",
            "defined_tags": {
              "Oracle-Tags.CreatedBy": "default/reyyanalam6@gmail.com",
              "Oracle-Tags.CreatedOn": "2026-06-26T18:16:11.698Z"
            },
            "dhcp_options_id": "ocid1.dhcpoptions.oc1.ap-mumbai-1.aaaaaaaajrsllve264wunnyyjgcxhgek6yzafhlqawoodqjtpmxrobuamfwa",
            "display_name": "autocloud-subnet",
            "dns_label": "autocloudnet",
            "freeform_tags": {},
            "id": "ocid1.subnet.oc1.ap-mumbai-1.aaaaaaaaenje2xyif5fd2de3a76nfuk5uednqq42u3ahibh2fodopaxkwiwq",
            "ipv6cidr_block": null,
            "ipv6cidr_blocks": [],
            "ipv6virtual_router_ip": null,
            "prohibit_internet_ingress": false,
            "prohibit_public_ip_on_vnic": false,
            "route_table_id": "ocid1.routetable.oc1.ap-mumbai-1.aaaaaaaahgmnfwmqg4uqpltqtn4htq7kiug7hxqaa734ggnmwb2tvs7sd5va",
            "security_list_ids": [
              "ocid1.securitylist.oc1.ap-mumbai-1.aaaaaaaasxyf32q64bvsjbbc3bm7by3qcolafbf5mg6q6sjtzmmrqbhpnsja"
            ],
            "state": "AVAILABLE",
            "subnet_domain_name": "autocloudnet.autocloudvcn.oraclevcn.com",
            "time_created": "2026-06-26 18:16:11.738 +0000 UTC",
            "timeouts": null,
            "vcn_id": "ocid1.vcn.oc1.ap-mumbai-1.amaaaaaafuk6alaars3wmsvhojmrgvp4gl5eowzgewa2ketwlbdhbrps3vsq",
            "virtual_router_ip": "10.0.1.1",
            "virtual_router_mac": "00:00:17:7C:3B:C1"
          },
          "sensitive_attributes": [],
          "identity_schema_version": 0,
          "private": "eyJlMmJmYjczMC1lY2FhLTExZTYtOGY4OC0zNDM2M2JjN2M0YzAiOnsiY3JlYXRlIjoxMjAwMDAwMDAwMDAwLCJkZWxldGUiOjEyMDAwMDAwMDAwMDAsInVwZGF0ZSI6MTIwMDAwMDAwMDAwMH19",
          "dependencies": [
            "oci_core_internet_gateway.autocloud_igw",
            "oci_core_route_table.autocloud_rt",
            "oci_core_security_list.autocloud_sl",
            "oci_core_vcn.autocloud_vcn"
          ]
        }
      ]
    },
    {
      "mode": "managed",
      "type": "oci_core_vcn",
      "name": "autocloud_vcn",
      "provider": "provider[\"registry.terraform.io/oracle/oci\"]",
      "instances": [
        {
          "schema_version": 0,
          "attributes": {
            "byoipv6cidr_blocks": [],
            "byoipv6cidr_details": [],
            "cidr_block": "10.0.0.0/16",
            "cidr_blocks": [
              "10.0.0.0/16"
            ],
            "compartment_id": "ocid1.tenancy.oc1..aaaaaaaafm5hq73i5zeny3fsbftwyzgldzkhlvgeyrnv4bhyui6phlbnghoa",
            "default_dhcp_options_id": "ocid1.dhcpoptions.oc1.ap-mumbai-1.aaaaaaaajrsllve264wunnyyjgcxhgek6yzafhlqawoodqjtpmxrobuamfwa",
            "default_route_table_id": "ocid1.routetable.oc1.ap-mumbai-1.aaaaaaaachv7jptcwxdzgu5sgiruto56yhaltxwzbogwt2eluxqx5a6te5za",
            "default_security_list_id": "ocid1.securitylist.oc1.ap-mumbai-1.aaaaaaaageqkhmg47q5edrhvjbyka6jetty5qfimhkx522x6cmfqg7kgvyaq",
            "defined_tags": {
              "Oracle-Tags.CreatedBy": "default/reyyanalam6@gmail.com",
              "Oracle-Tags.CreatedOn": "2026-06-26T18:16:04.338Z"
            },
            "display_name": "autocloud-vcn",
            "dns_label": "autocloudvcn",
            "freeform_tags": {},
            "id": "ocid1.vcn.oc1.ap-mumbai-1.amaaaaaafuk6alaars3wmsvhojmrgvp4gl5eowzgewa2ketwlbdhbrps3vsq",
            "ipv6cidr_blocks": [],
            "ipv6private_cidr_blocks": [],
            "is_ipv6enabled": false,
            "is_oracle_gua_allocation_enabled": null,
            "security_attributes": {},
            "state": "AVAILABLE",
            "time_created": "2026-06-26 18:16:04.4 +0000 UTC",
            "timeouts": null,
            "vcn_domain_name": "autocloudvcn.oraclevcn.com"
          },
          "sensitive_attributes": [],
          "identity_schema_version": 0,
          "private": "eyJlMmJmYjczMC1lY2FhLTExZTYtOGY4OC0zNDM2M2JjN2M0YzAiOnsiY3JlYXRlIjoxMjAwMDAwMDAwMDAwLCJkZWxldGUiOjEyMDAwMDAwMDAwMDAsInVwZGF0ZSI6MTIwMDAwMDAwMDAwMH19"
        }
      ]
    }
  ],
  "check_results": null
}
