{
  "version": 4,
  "terraform_version": "1.15.7",
  "serial": 37,
  "lineage": "281eddad-11a6-2e2c-d064-f63e1f04d459",
  "outputs": {
    "instance_id": {
      "value": "ocid1.instance.oc1.ap-mumbai-1.anrg6ljrfuk6alaca4y262pwbkae5s2wqtvkyifftm2zza47taab2okgtm5a",
      "type": "string"
    },
    "instance_public_ip": {
      "value": "161.118.178.72",
      "type": "string"
    },
    "vcn_id": {
      "value": "ocid1.vcn.oc1.ap-mumbai-1.amaaaaaafuk6alaars3wmsvhojmrgvp4gl5eowzgewa2ketwlbdhbrps3vsq",
      "type": "string"
    }
  },
  "resources": [
    {
      "mode": "data",
      "type": "oci_core_images",
      "name": "ubuntu_arm",
      "provider": "provider[\"registry.terraform.io/oracle/oci\"]",
      "instances": [
        {
          "schema_version": 0,
          "attributes": {
            "compartment_id": "ocid1.tenancy.oc1..aaaaaaaafm5hq73i5zeny3fsbftwyzgldzkhlvgeyrnv4bhyui6phlbnghoa",
            "display_name": null,
            "filter": null,
            "id": "CoreImagesDataSource-150928650",
            "images": [
              {
                "agent_features": [],
                "base_image_id": "",
                "billable_size_in_gbs": "3",
                "compartment_id": "",
                "create_image_allowed": true,
                "defined_tags": {},
                "display_name": "Canonical-Ubuntu-22.04-2026.04.30-1",
                "freeform_tags": {},
                "id": "ocid1.image.oc1.ap-mumbai-1.aaaaaaaal7uqfk7bvqjteeiu3sk5crlvek5tltzmippc3st2jclmiz2xh2ma",
                "image_source_details": [],
                "instance_id": "",
                "launch_mode": "NATIVE",
                "launch_options": [
                  {
                    "boot_volume_type": "PARAVIRTUALIZED",
                    "firmware": "UEFI_64",
                    "is_consistent_volume_naming_enabled": true,
                    "is_pv_encryption_in_transit_enabled": true,
                    "network_type": "PARAVIRTUALIZED",
                    "remote_data_volume_type": "PARAVIRTUALIZED"
                  }
                ],
                "listing_type": "",
                "operating_system": "Canonical Ubuntu",
                "operating_system_version": "22.04",
                "size_in_mbs": "47694",
                "state": "AVAILABLE",
                "time_created": "2026-05-06 02:23:09.494 +0000 UTC"
              },
              {
                "agent_features": [],
                "base_image_id": "",
                "billable_size_in_gbs": "3",
                "compartment_id": "",
                "create_image_allowed": true,
                "defined_tags": {},
                "display_name": "Canonical-Ubuntu-22.04-2026.03.31-0",
                "freeform_tags": {},
                "id": "ocid1.image.oc1.ap-mumbai-1.aaaaaaaaylvxte5i3gmdebb62qgqccwnysjaxso3axoblhjyfofpa4wcd6lq",
                "image_source_details": [],
                "instance_id": "",
                "launch_mode": "NATIVE",
                "launch_options": [
                  {
                    "boot_volume_type": "PARAVIRTUALIZED",
                    "firmware": "UEFI_64",
                    "is_consistent_volume_naming_enabled": true,
                    "is_pv_encryption_in_transit_enabled": true,
                    "network_type": "PARAVIRTUALIZED",
                    "remote_data_volume_type": "PARAVIRTUALIZED"
                  }
                ],
                "listing_type": "",
                "operating_system": "Canonical Ubuntu",
                "operating_system_version": "22.04",
                "size_in_mbs": "47694",
                "state": "AVAILABLE",
                "time_created": "2026-04-22 15:38:15.378 +0000 UTC"
              },
              {
                "agent_features": [],
                "base_image_id": "",
                "billable_size_in_gbs": "3",
                "compartment_id": "",
                "create_image_allowed": true,
                "defined_tags": {},
                "display_name": "Canonical-Ubuntu-22.04-2026.02.28-0",
                "freeform_tags": {},
                "id": "ocid1.image.oc1.ap-mumbai-1.aaaaaaaa3yc7aswdetryjk6knfe5zlex6opdvab5oazebaebst5zri3ocxcq",
                "image_source_details": [],
                "instance_id": "",
                "launch_mode": "NATIVE",
                "launch_options": [
                  {
                    "boot_volume_type": "PARAVIRTUALIZED",
                    "firmware": "UEFI_64",
                    "is_consistent_volume_naming_enabled": true,
                    "is_pv_encryption_in_transit_enabled": true,
                    "network_type": "PARAVIRTUALIZED",
                    "remote_data_volume_type": "PARAVIRTUALIZED"
                  }
                ],
                "listing_type": "",
                "operating_system": "Canonical Ubuntu",
                "operating_system_version": "22.04",
                "size_in_mbs": "47694",
                "state": "AVAILABLE",
                "time_created": "2026-03-04 22:45:27.626 +0000 UTC"
              }
            ],
            "operating_system": "Canonical Ubuntu",
            "operating_system_version": "22.04",
            "shape": "VM.Standard.E2.1.Micro",
            "sort_by": "TIMECREATED",
            "sort_order": "DESC",
            "state": null
          },
          "sensitive_attributes": [],
          "identity_schema_version": 0
        }
      ]
    },
    {
      "mode": "managed",
      "type": "oci_core_instance",
      "name": "autocloud_node",
      "provider": "provider[\"registry.terraform.io/oracle/oci\"]",
      "instances": [
        {
          "schema_version": 0,
          "attributes": {
            "agent_config": [
              {
                "are_all_plugins_disabled": false,
                "is_management_disabled": false,
                "is_monitoring_disabled": false,
                "plugins_config": []
              }
            ],
            "async": null,
            "availability_config": [
              {
                "is_live_migration_preferred": false,
                "recovery_action": "RESTORE_INSTANCE"
              }
            ],
            "availability_domain": "dGpV:AP-MUMBAI-1-AD-1",
            "boot_volume_id": "ocid1.bootvolume.oc1.ap-mumbai-1.abrg6ljrfjldk4xwunfn2e7csekjtvpf7silmkuto2mjnbkh6jdgx6b3c6qa",
            "capacity_reservation_id": null,
            "cluster_placement_group_id": null,
            "compartment_id": "ocid1.tenancy.oc1..aaaaaaaafm5hq73i5zeny3fsbftwyzgldzkhlvgeyrnv4bhyui6phlbnghoa",
            "compute_cluster_id": null,
            "create_vnic_details": [
              {
                "assign_ipv6ip": false,
                "assign_private_dns_record": false,
                "assign_public_ip": "true",
                "defined_tags": {
                  "Oracle-Tags.CreatedBy": "default/reyyanalam6@gmail.com",
                  "Oracle-Tags.CreatedOn": "2026-06-26T20:10:52.653Z"
                },
                "display_name": "autocloud-vnic",
                "freeform_tags": {},
                "hostname_label": "autocloud-vnic",
                "ipv6address_ipv6subnet_cidr_pair_details": [],
                "nsg_ids": [],
                "private_ip": "10.0.1.242",
                "security_attributes": {},
                "skip_source_dest_check": false,
                "subnet_id": "ocid1.subnet.oc1.ap-mumbai-1.aaaaaaaaenje2xyif5fd2de3a76nfuk5uednqq42u3ahibh2fodopaxkwiwq",
                "vlan_id": ""
              }
            ],
            "dedicated_vm_host_id": null,
            "defined_tags": {
              "Oracle-Tags.CreatedBy": "default/reyyanalam6@gmail.com",
              "Oracle-Tags.CreatedOn": "2026-06-26T20:10:52.533Z"
            },
            "display_name": "autocloud-node-1",
            "extended_metadata": {},
            "fault_domain": "FAULT-DOMAIN-3",
            "freeform_tags": {},
            "hostname_label": "autocloud-vnic",
            "id": "ocid1.instance.oc1.ap-mumbai-1.anrg6ljrfuk6alaca4y262pwbkae5s2wqtvkyifftm2zza47taab2okgtm5a",
            "image": "ocid1.image.oc1.ap-mumbai-1.aaaaaaaal7uqfk7bvqjteeiu3sk5crlvek5tltzmippc3st2jclmiz2xh2ma",
            "instance_configuration_id": null,
            "instance_options": [
              {
                "are_legacy_imds_endpoints_disabled": false
              }
            ],
            "ipxe_script": null,
            "is_cross_numa_node": false,
            "is_pv_encryption_in_transit_enabled": null,
            "launch_mode": "PARAVIRTUALIZED",
            "launch_options": [
              {
                "boot_volume_type": "PARAVIRTUALIZED",
                "firmware": "UEFI_64",
                "is_consistent_volume_naming_enabled": true,
                "is_pv_encryption_in_transit_enabled": false,
                "network_type": "PARAVIRTUALIZED",
                "remote_data_volume_type": "PARAVIRTUALIZED"
              }
            ],
            "launch_volume_attachments": [],
            "licensing_configs": [],
            "metadata": {
              "ssh_authorized_keys": "ssh-rsa AAAAB3NzaC1yc2EAAAADAQABAAACAQCmQWmXI53eEegS92PO132nIfVCSL/hq4Klmar0gC74VyTnoK8BL6vLUCBF0s3IpJOqDwSl1kG+dxDrvqL6JFlMQ7aVXc4+QMkxfWMElAoILTtsQwf6Bkn52x5hB+5CTpUH/DsF7ZpiG1YU8TVlgSvOOTKhmFNCCrSEshItOanT/nGLuhIa1MBwGFBc7CGtU0dfBQgxP7rsMyIyspWdFzZYJpIngLPuhDUlq6n2ZNoQJBhvX+l19HQDIGI2hOnhSNZW1XBTY8RPzyE5wz+NmOIpoAu5xJZx2MmD0CBXZJ9UYIoakRXCeVHk91i1nc3whtFZ24or97ZWMLeL7bt8a/nj/mAiW0XVa90L05nP863ZwpxNmGnhJIdMDNiLfLsZM7cLU8UFyKrbCfp+w1s32ictRIHhuTX3mKAW3z0plsWE+ms0h0fC6mgVchUu4gAqOdTY7RQukWFpCqV30FIudTnTabLTerdCxmy3NQ7DBgab/W/TFGSseDUsGbx8lsxNgV8i+WNeHdROAuVcPZu8FDyZBbPi4E3cvKgeto4zRvpPIIwWNUuEAfEDovHhozO/RAsljyl5UsDvlIUJkaHFn77cIzet25yg0I3ci+mWvAcpRJ/wd2JaudAH1Lv4Ddd4MyPcyvjCW2FHNa1ZdlwFL009vHeuEnsWvs8A8Iu8ZPchZw== reyyan@DESKTOP-59OR3BL\r\n"
            },
            "platform_config": [],
            "preemptible_instance_config": [],
            "preserve_boot_volume": null,
            "preserve_data_volumes_created_at_launch": null,
            "private_ip": "10.0.1.242",
            "public_ip": "161.118.178.72",
            "region": "ap-mumbai-1",
            "security_attributes": {},
            "security_attributes_state": "STABLE",
            "shape": "VM.Standard.E2.1.Micro",
            "shape_config": [
              {
                "baseline_ocpu_utilization": "",
                "gpu_description": "",
                "gpus": 0,
                "local_disk_description": "",
                "local_disks": 0,
                "local_disks_total_size_in_gbs": 0,
                "max_vnic_attachments": 1,
                "memory_in_gbs": 1,
                "networking_bandwidth_in_gbps": 0.47999998927116394,
                "nvmes": 0,
                "ocpus": 1,
                "processor_description": "2.0 GHz AMD EPYC™ 7551 (Naples)",
                "vcpus": 2
              }
            ],
            "source_details": [
              {
                "boot_volume_size_in_gbs": "47",
                "boot_volume_vpus_per_gb": "10",
                "instance_source_image_filter_details": [],
                "is_preserve_boot_volume_enabled": false,
                "kms_key_id": "",
                "source_id": "ocid1.image.oc1.ap-mumbai-1.aaaaaaaal7uqfk7bvqjteeiu3sk5crlvek5tltzmippc3st2jclmiz2xh2ma",
                "source_type": "image"
              }
            ],
            "state": "RUNNING",
            "subnet_id": "ocid1.subnet.oc1.ap-mumbai-1.aaaaaaaaenje2xyif5fd2de3a76nfuk5uednqq42u3ahibh2fodopaxkwiwq",
            "system_tags": {
              "orcl-cloud.free-tier-retained": "true"
            },
            "time_created": "2026-06-26 20:10:53.203 +0000 UTC",
            "time_maintenance_reboot_due": "",
            "timeouts": null,
            "update_operation_constraint": null
          },
          "sensitive_attributes": [],
          "identity_schema_version": 0,
          "private": "eyJlMmJmYjczMC1lY2FhLTExZTYtOGY4OC0zNDM2M2JjN2M0YzAiOnsiY3JlYXRlIjoyNzAwMDAwMDAwMDAwLCJkZWxldGUiOjQ1MDAwMDAwMDAwMDAsInVwZGF0ZSI6MjcwMDAwMDAwMDAwMH19",
          "dependencies": [
            "data.oci_core_images.ubuntu_arm",
            "oci_core_internet_gateway.autocloud_igw",
            "oci_core_route_table.autocloud_rt",
            "oci_core_security_list.autocloud_sl",
            "oci_core_subnet.autocloud_subnet",
            "oci_core_vcn.autocloud_vcn"
          ]
        }
      ]
    },
    {
      "mode": "managed",
      "type": "oci_core_internet_gateway",
      "name": "autocloud_igw",
      "provider": "provider[\"registry.terraform.io/oracle/oci\"]",
      "instances": [
        {
          "schema_version": 0,
          "attributes": {
            "compartment_id": "ocid1.tenancy.oc1..aaaaaaaafm5hq73i5zeny3fsbftwyzgldzkhlvgeyrnv4bhyui6phlbnghoa",
            "defined_tags": {
              "Oracle-Tags.CreatedBy": "default/reyyanalam6@gmail.com",
              "Oracle-Tags.CreatedOn": "2026-06-26T18:16:05.432Z"
            },
            "display_name": "autocloud-igw",
            "enabled": true,
            "freeform_tags": {},
            "id": "ocid1.internetgateway.oc1.ap-mumbai-1.aaaaaaaawkjidd534owc2e2d4oqzujyfuy6kdrtffg2giwvefgiq5sgkjx4a",
            "route_table_id": null,
            "state": "AVAILABLE",
            "time_created": "2026-06-26 18:16:05.47 +0000 UTC",
            "timeouts": null,
            "vcn_id": "ocid1.vcn.oc1.ap-mumbai-1.amaaaaaafuk6alaars3wmsvhojmrgvp4gl5eowzgewa2ketwlbdhbrps3vsq"
          },
          "sensitive_attributes": [],
          "identity_schema_version": 0,
          "private": "eyJlMmJmYjczMC1lY2FhLTExZTYtOGY4OC0zNDM2M2JjN2M0YzAiOnsiY3JlYXRlIjoxMjAwMDAwMDAwMDAwLCJkZWxldGUiOjEyMDAwMDAwMDAwMDAsInVwZGF0ZSI6MTIwMDAwMDAwMDAwMH19",
          "dependencies": [
            "oci_core_vcn.autocloud_vcn"
          ]
        }
      ]
    },
    {
      "mode": "managed",
      "type": "oci_core_route_table",
      "name": "autocloud_rt",
      "provider": "provider[\"registry.terraform.io/oracle/oci\"]",
      "instances": [
        {
          "schema_version": 0,
          "attributes": {
            "compartment_id": "ocid1.tenancy.oc1..aaaaaaaafm5hq73i5zeny3fsbftwyzgldzkhlvgeyrnv4bhyui6phlbnghoa",
            "defined_tags": {
              "Oracle-Tags.CreatedBy": "default/reyyanalam6@gmail.com",
              "Oracle-Tags.CreatedOn": "2026-06-26T18:16:09.935Z"
            },
            "display_name": "autocloud-route-table",
            "freeform_tags": {},
            "id": "ocid1.routetable.oc1.ap-mumbai-1.aaaaaaaahgmnfwmqg4uqpltqtn4htq7kiug7hxqaa734ggnmwb2tvs7sd5va",
            "route_rules": [
              {
                "cidr_block": "",
                "description": "",
                "destination": "0.0.0.0/0",
                "destination_type": "CIDR_BLOCK",
                "network_entity_id": "ocid1.internetgateway.oc1.ap-mumbai-1.aaaaaaaawkjidd534owc2e2d4oqzujyfuy6kdrtffg2giwvefgiq5sgkjx4a",
                "route_type": ""
              }
            ],
            "state": "AVAILABLE",
            "time_created": "2026-06-26 18:16:09.969 +0000 UTC",
            "timeouts": null,
            "vcn_id": "ocid1.vcn.oc1.ap-mumbai-1.amaaaaaafuk6alaars3wmsvhojmrgvp4gl5eowzgewa2ketwlbdhbrps3vsq"
          },
          "sensitive_attributes": [],
          "identity_schema_version": 0,
          "private": "eyJlMmJmYjczMC1lY2FhLTExZTYtOGY4OC0zNDM2M2JjN2M0YzAiOnsiY3JlYXRlIjoxMjAwMDAwMDAwMDAwLCJkZWxldGUiOjEyMDAwMDAwMDAwMDAsInVwZGF0ZSI6MTIwMDAwMDAwMDAwMH19",
          "dependencies": [
            "oci_core_internet_gateway.autocloud_igw",
            "oci_core_vcn.autocloud_vcn"
          ]
        }
      ]
    },
    {
      "mode": "managed",
      "type": "oci_core_security_list",
      "name": "autocloud_sl",
      "provider": "provider[\"registry.terraform.io/oracle/oci\"]",
      "instances": [
        {
          "schema_version": 0,
          "attributes": {
            "compartment_id": "ocid1.tenancy.oc1..aaaaaaaafm5hq73i5zeny3fsbftwyzgldzkhlvgeyrnv4bhyui6phlbnghoa",
            "defined_tags": {
              "Oracle-Tags.CreatedBy": "default/reyyanalam6@gmail.com",
              "Oracle-Tags.CreatedOn": "2026-06-26T18:16:06.833Z"
            },
            "display_name": "autocloud-security-list",
            "egress_security_rules": [
              {
                "description": "",
                "destination": "0.0.0.0/0",
                "destination_type": "CIDR_BLOCK",
                "icmp_options": [],
                "protocol": "all",
                "stateless": false,
                "tcp_options": [],
                "udp_options": []
              }
            ],
            "freeform_tags": {},
            "id": "ocid1.securitylist.oc1.ap-mumbai-1.aaaaaaaasxyf32q64bvsjbbc3bm7by3qcolafbf5mg6q6sjtzmmrqbhpnsja",
            "ingress_security_rules": [
              {
                "description": "",
                "icmp_options": [],
                "protocol": "6",
                "source": "0.0.0.0/0",
                "source_type": "CIDR_BLOCK",
                "stateless": false,
                "tcp_options": [
                  {
                    "max": 22,
                    "min": 22,
                    "source_port_range": []
                  }
                ],
                "udp_options": []
              },
              {
                "description": "",
                "icmp_options": [],
                "protocol": "6",
                "source": "0.0.0.0/0",
                "source_type": "CIDR_BLOCK",
                "stateless": false,
                "tcp_options": [
                  {
                    "max": 443,
                    "min": 443,
                    "source_port_range": []
                  }
                ],
                "udp_options": []
              },
              {
                "description": "",
                "icmp_options": [],
                "protocol": "6",
                "source": "0.0.0.0/0",
                "source_type": "CIDR_BLOCK",
                "stateless": false,
                "tcp_options": [
                  {
                    "max": 6443,
                    "min": 6443,
                    "source_port_range": []
                  }
                ],
                "udp_options": []
              },
              {
                "description": "",
                "icmp_options": [],
                "protocol": "6",
                "source": "0.0.0.0/0",
                "source_type": "CIDR_BLOCK",
                "stateless": false,
                "tcp_options": [
                  {
                    "max": 80,
                    "min": 80,
                    "source_port_range": []
                  }
                ],
                "udp_options": []
              }
            ],
            "state": "AVAILABLE",
            "time_created": "2026-06-26 18:16:06.87 +0000 UTC",
            "timeouts": null,
            "vcn_id": "ocid1.vcn.oc1.ap-mumbai-1.amaaaaaafuk6alaars3wmsvhojmrgvp4gl5eowzgewa2ketwlbdhbrps3vsq"
          },
          "sensitive_attributes": [],
          "identity_schema_version": 0,
          "private": "eyJlMmJmYjczMC1lY2FhLTExZTYtOGY4OC0zNDM2M2JjN2M0YzAiOnsiY3JlYXRlIjoxMjAwMDAwMDAwMDAwLCJkZWxldGUiOjEyMDAwMDAwMDAwMDAsInVwZGF0ZSI6MTIwMDAwMDAwMDAwMH19",
          "dependencies": [
            "oci_core_vcn.autocloud_vcn"
          ]
        }
      ]
    },
    {
      "mode": "managed",
      "type": "oci_core_subnet",
      "name": "autocloud_subnet",
      "provider": "provider[\"registry.terraform.io/oracle/oci\"]",
      "instances": [
        {
          "schema_version": 0,
          "attributes": {
            "availability_domain": null,
            "cidr_block": "10.0.1.0/24",
            "compartment_id": "ocid1.tenancy.oc1..aaaaaaaafm5hq73i5zeny3fsbftwyzgldzkhlvgeyrnv4bhyui6phlbnghoa",
            "defined_tags": {
              "Oracle-Tags.CreatedBy": "default/reyyanalam6@gmail.com",
              "Oracle-Tags.CreatedOn": "2026-06-26T18:16:11.698Z"
            },
            "dhcp_options_id": "ocid1.dhcpoptions.oc1.ap-mumbai-1.aaaaaaaajrsllve264wunnyyjgcxhgek6yzafhlqawoodqjtpmxrobuamfwa",
            "display_name": "autocloud-subnet",
            "dns_label": "autocloudnet",
            "freeform_tags": {},
            "id": "ocid1.subnet.oc1.ap-mumbai-1.aaaaaaaaenje2xyif5fd2de3a76nfuk5uednqq42u3ahibh2fodopaxkwiwq",
            "ipv6cidr_block": null,
            "ipv6cidr_blocks": [],
            "ipv6virtual_router_ip": null,
            "prohibit_internet_ingress": false,
            "prohibit_public_ip_on_vnic": false,
            "route_table_id": "ocid1.routetable.oc1.ap-mumbai-1.aaaaaaaahgmnfwmqg4uqpltqtn4htq7kiug7hxqaa734ggnmwb2tvs7sd5va",
            "security_list_ids": [
              "ocid1.securitylist.oc1.ap-mumbai-1.aaaaaaaasxyf32q64bvsjbbc3bm7by3qcolafbf5mg6q6sjtzmmrqbhpnsja"
            ],
            "state": "AVAILABLE",
            "subnet_domain_name": "autocloudnet.autocloudvcn.oraclevcn.com",
            "time_created": "2026-06-26 18:16:11.738 +0000 UTC",
            "timeouts": null,
            "vcn_id": "ocid1.vcn.oc1.ap-mumbai-1.amaaaaaafuk6alaars3wmsvhojmrgvp4gl5eowzgewa2ketwlbdhbrps3vsq",
            "virtual_router_ip": "10.0.1.1",
            "virtual_router_mac": "00:00:17:7C:3B:C1"
          },
          "sensitive_attributes": [],
          "identity_schema_version": 0,
          "private": "eyJlMmJmYjczMC1lY2FhLTExZTYtOGY4OC0zNDM2M2JjN2M0YzAiOnsiY3JlYXRlIjoxMjAwMDAwMDAwMDAwLCJkZWxldGUiOjEyMDAwMDAwMDAwMDAsInVwZGF0ZSI6MTIwMDAwMDAwMDAwMH19",
          "dependencies": [
            "oci_core_internet_gateway.autocloud_igw",
            "oci_core_route_table.autocloud_rt",
            "oci_core_security_list.autocloud_sl",
            "oci_core_vcn.autocloud_vcn"
          ]
        }
      ]
    },
    {
      "mode": "managed",
      "type": "oci_core_vcn",
      "name": "autocloud_vcn",
      "provider": "provider[\"registry.terraform.io/oracle/oci\"]",
      "instances": [
        {
          "schema_version": 0,
          "attributes": {
            "byoipv6cidr_blocks": [],
            "byoipv6cidr_details": [],
            "cidr_block": "10.0.0.0/16",
            "cidr_blocks": [
              "10.0.0.0/16"
            ],
            "compartment_id": "ocid1.tenancy.oc1..aaaaaaaafm5hq73i5zeny3fsbftwyzgldzkhlvgeyrnv4bhyui6phlbnghoa",
            "default_dhcp_options_id": "ocid1.dhcpoptions.oc1.ap-mumbai-1.aaaaaaaajrsllve264wunnyyjgcxhgek6yzafhlqawoodqjtpmxrobuamfwa",
            "default_route_table_id": "ocid1.routetable.oc1.ap-mumbai-1.aaaaaaaachv7jptcwxdzgu5sgiruto56yhaltxwzbogwt2eluxqx5a6te5za",
            "default_security_list_id": "ocid1.securitylist.oc1.ap-mumbai-1.aaaaaaaageqkhmg47q5edrhvjbyka6jetty5qfimhkx522x6cmfqg7kgvyaq",
            "defined_tags": {
              "Oracle-Tags.CreatedBy": "default/reyyanalam6@gmail.com",
              "Oracle-Tags.CreatedOn": "2026-06-26T18:16:04.338Z"
            },
            "display_name": "autocloud-vcn",
            "dns_label": "autocloudvcn",
            "freeform_tags": {},
            "id": "ocid1.vcn.oc1.ap-mumbai-1.amaaaaaafuk6alaars3wmsvhojmrgvp4gl5eowzgewa2ketwlbdhbrps3vsq",
            "ipv6cidr_blocks": [],
            "ipv6private_cidr_blocks": [],
            "is_ipv6enabled": false,
            "is_oracle_gua_allocation_enabled": null,
            "security_attributes": {},
            "state": "AVAILABLE",
            "time_created": "2026-06-26 18:16:04.4 +0000 UTC",
            "timeouts": null,
            "vcn_domain_name": "autocloudvcn.oraclevcn.com"
          },
          "sensitive_attributes": [],
          "identity_schema_version": 0,
          "private": "eyJlMmJmYjczMC1lY2FhLTExZTYtOGY4OC0zNDM2M2JjN2M0YzAiOnsiY3JlYXRlIjoxMjAwMDAwMDAwMDAwLCJkZWxldGUiOjEyMDAwMDAwMDAwMDAsInVwZGF0ZSI6MTIwMDAwMDAwMDAwMH19"
        }
      ]
    }
  ],
  "check_results": null
}
